
Microsoft Visual Studio Solution File, Format Version 12.00
Project("{FAE04EC0-301F-11D3-BF4B-00C04F79EFBC}") = "Producer", "Producer\Producer.csproj", "{390A4D52-47AE-4F4B-AB24-B3633A9D754C}"
EndProject
Project("{2150E333-8FDC-42A3-9474-1A3956D46DE8}") = "Solution Items", "Solution Items", "{EA5F5778-E7B1-4132-A11C-238A71B0705A}"
	ProjectSection(SolutionItems) = preProject
		docker-compose.yml = docker-compose.yml
	EndProjectSection
EndProject
Project("{FAE04EC0-301F-11D3-BF4B-00C04F79EFBC}") = "Consumer", "Consumer\Consumer.csproj", "{5C97D605-BCBE-45D9-8674-6EFD2BFE8FAE}"
EndProject
Project("{FAE04EC0-301F-11D3-BF4B-00C04F79EFBC}") = "Contracts", "Contracts\Contracts.csproj", "{4CA9A5C4-2C14-4B3B-BFDA-EC932642AB0E}"
EndProject
Global
	GlobalSection(SolutionConfigurationPlatforms) = preSolution
		Debug|Any CPU = Debug|Any CPU
		Release|Any CPU = Release|Any CPU
	EndGlobalSection
	GlobalSection(ProjectConfigurationPlatforms) = postSolution
		{390A4D52-47AE-4F4B-AB24-B3633A9D754C}.Debug|Any CPU.ActiveCfg = Debug|Any CPU
		{390A4D52-47AE-4F4B-AB24-B3633A9D754C}.Debug|Any CPU.Build.0 = Debug|Any CPU
		{390A4D52-47AE-4F4B-AB24-B3633A9D754C}.Release|Any CPU.ActiveCfg = Release|Any CPU
		{390A4D52-47AE-4F4B-AB24-B3633A9D754C}.Release|Any CPU.Build.0 = Release|Any CPU
		{5C97D605-BCBE-45D9-8674-6EFD2BFE8FAE}.Debug|Any CPU.ActiveCfg = Debug|Any CPU
		{5C97D605-BCBE-45D9-8674-6EFD2BFE8FAE}.Debug|Any CPU.Build.0 = Debug|Any CPU
		{5C97D605-BCBE-45D9-8674-6EFD2BFE8FAE}.Release|Any CPU.ActiveCfg = Release|Any CPU
		{5C97D605-BCBE-45D9-8674-6EFD2BFE8FAE}.Release|Any CPU.Build.0 = Release|Any CPU
		{4CA9A5C4-2C14-4B3B-BFDA-EC932642AB0E}.Debug|Any CPU.ActiveCfg = Debug|Any CPU
		{4CA9A5C4-2C14-4B3B-BFDA-EC932642AB0E}.Debug|Any CPU.Build.0 = Debug|Any CPU
		{4CA9A5C4-2C14-4B3B-BFDA-EC932642AB0E}.Release|Any CPU.ActiveCfg = Release|Any CPU
		{4CA9A5C4-2C14-4B3B-BFDA-EC932642AB0E}.Release|Any CPU.Build.0 = Release|Any CPU
	EndGlobalSection
EndGlobal
